github.com/QcloudApi/qcloud_sign_golang v0.0.0-20141224014652-e4130a326409/go.mod h1:1pk82RBxDY/JZnPQrtqHlUFfCctgdorsd9M06fMynOM=
github.com/davecgh/go-spew v1.1.0/go.mod h1:J7Y8YcW2NihsgmVo/mv3lAwl/skON4iLHjSsI+c5H38=
github.com/dgrijalva/jwt-go v1.0.2 h1:KPldsxuKGsS2FPWsNeg9ZO18aCrGKujPoWXn2yo+KQM=
github.com/dgrijalva/jwt-go v3.2.0+incompatible h1:7qlOGliEKZXTDg6OTjfoBKDXWrumCAMpl/TFQ4/5kLM=
github.com/dgrijalva/jwt-go v3.2.0+incompatible/go.mod h1:E3ru+11k8xSBh+hMPgOLZmtrrCbhqsmaPHjLKYnJCaQ=
github.com/google/go-querystring v1.0.0 h1:Xkwi/a1rcvNg1PPYe5vI8GbeBY/jrVuDX5ASuANWTrk=
github.com/google/go-querystring v1.0.0/go.mod h1:odCYkC5MyYFN7vkCjXpyrEuKhc/BUO6wN/zVPAxq5ck=
github.com/google/uuid v1.1.1/go.mod h1:TIyPZe4MgqvfeYDBFedMoGGpEw/LqOeaOT+nhxU+yHo=
github.com/mozillazg/go-httpheader v0.2.1 h1:geV7TrjbL8KXSyvghnFm+NyTux/hxwueTSrwhe88TQQ=
github.com/mozillazg/go-httpheader v0.2.1/go.mod h1:jJ8xECTlalr6ValeXYdOF8fFUISeBAdw6E61aqQma60=
github.com/mozillazg/go-pinyin v0.18.0 h1:hQompXO23/0ohH8YNjvfsAITnCQImCiR/Fny8EhIeW0=
github.com/mozillazg/go-pinyin v0.18.0/go.mod h1:iR4EnMMRXkfpFVV5FMi4FNB6wGq9NV6uDWbUuPhP4Yc=
github.com/objcoding/wxpay v1.0.6 h1:8DOQ5NSJcbIYxiIJVn4j9847h4dOxk5KMAFvJjLIiSw=
github.com/objcoding/wxpay v1.0.6/go.mod h1:z7rH38P+iS3ibWDABSnNjYzYOnqqORB0QDZukzkRwnc=
github.com/pmezard/go-difflib v1.0.0/go.mod h1:iKH77koFhYxTK1pcRnkKkqfTogsbg7gZNVY4sRDYZ/4=
github.com/stretchr/objx v0.1.0/go.mod h1:HFkY916IF+rwdDfMAkV7OtwuqBVzrE8GR6GFx+wExME=
github.com/stretchr/testify v1.3.0/go.mod h1:M5WIy9Dh21IEIfnGCwXGc5bZfKNJtfHm1UVUgZn+9EI=
github.com/tencentcloud/tencentcloud-sdk-go v1.0.173 h1:QJhUB3DvXvyTBvTrFKyK4NH8kUyEc4mcp3fjUPcTMe0=
github.com/tencentcloud/tencentcloud-sdk-go v1.0.174 h1:KNJwMTAhWWpu5s73rLo/pX3927wT2rt8494wwRK+yNw=
github.com/tencentcloud/tencentcloud-sdk-go/tencentcloud/common v1.0.173 h1:9gHidPf7syp/XIRUrlDuPocAKremlKcs3hXtrpUfzWQ=
github.com/tencentcloud/tencentcloud-sdk-go/tencentcloud/common v1.0.173/go.mod h1:7sCQWVkxcsR38nffDW057DRGk8mUjK1Ing/EFOK8s8Y=
github.com/tencentcloud/tencentcloud-sdk-go/tencentcloud/sms v0.0.0-20210531003256-78c3f12c3f55 h1:IKUgaMgDPDAcDa10lWeUJW9udYR3hmwcw50NyU5YfHs=
github.com/tencentcloud/tencentcloud-sdk-go/tencentcloud/sms v0.0.0-20210531003256-78c3f12c3f55/go.mod h1:zW5ecXUX55GaUA558VrM+iP7uagfDDHhXWlymeCyj48=
github.com/tencentcloud/tencentcloud-sdk-go/tencentcloud/sts v0.0.0-20210531003256-78c3f12c3f55 h1:PQJ2CSZrYwdbUUbFzoAC8cuRGOA4IHoPPy5h/kQyfhE=
github.com/tencentcloud/tencentcloud-sdk-go/tencentcloud/sts v0.0.0-20210531003256-78c3f12c3f55/go.mod h1:3LRL4bjS4JieTruoWSqnMA/rPOxd2TXsstNBKtN+2qQ=
github.com/tencentyun/cos-go-sdk-v5 v0.7.25 h1:CvVHCy46TKU1ibT7FLb2i46CIrmwWPZIcky/m+7WzQQ=
github.com/tencentyun/cos-go-sdk-v5 v0.7.25/go.mod h1:wQBO5HdAkLjj2q6XQiIfDSP8DXDNrppDRw2Kp/1BODA=
golang.org/x/crypto v0.0.0-20180910181607-0e37d006457b h1:2b9XGzhjiYsYPnKXoEfL7klWZQIt8IfyRCz62gCqqlQ=
golang.org/x/crypto v0.0.0-20180910181607-0e37d006457b/go.mod h1:6SG95UA2DQfeDnfUPMdvaQW0Q7yPrPDi9nlGo2tz2b4=
